# THIS IS AN AUTOGENERATED FILE. DO NOT EDIT THIS FILE DIRECTLY.
# yarn lockfile v1


addr-to-ip-port@^1.0.1:
  version "1.5.1"
  resolved "https://registry.yarnpkg.com/addr-to-ip-port/-/addr-to-ip-port-1.5.1.tgz#bfada13fd6aeeeac19f1e9f7d84b4bbab45e5208"
  integrity sha512-bA+dyydTNuQtrEDJ0g9eR7XabNhvrM5yZY0hvTbNK3yvoeC73ZqMES6E1cEqH9WPxs4uMtMsOjfwS4FmluhsAA==

bencode@^2.0.0:
  version "2.0.1"
  resolved "https://registry.yarnpkg.com/bencode/-/bencode-2.0.1.tgz#667a6a31c5e038d558608333da6b7c94e836c85b"
  integrity sha512-2uhEl8FdjSBUyb69qDTgOEeeqDTa+n3yMQzLW0cOzNf1Ow5bwcg3idf+qsWisIKRH8Bk8oC7UXL8irRcPA8ZEQ==
  dependencies:
    safe-buffer "^5.1.1"

bitfield@^0.1.0:
  version "0.1.0"
  resolved "https://registry.yarnpkg.com/bitfield/-/bitfield-0.1.0.tgz#b05d8b5f0d09f2df35a9db3b3a62d3808c46c457"
  integrity sha1-sF2LXw0J8t81qds7OmLTgIxGxFc=

bittorrent-dht@^9.0.0:
  version "9.0.3"
  resolved "https://registry.yarnpkg.com/bittorrent-dht/-/bittorrent-dht-9.0.3.tgz#bdcac9383bdc5e2a459eef6418332f3ae182d63f"
  integrity sha512-6FISjApL62THEMyptDm0kPTAnInBn8Sft3dK/JZcCI07LRIpIP+3Z6gle6xJUhyRVs6K5HmXAtaRatFsOEySOg==
  dependencies:
    bencode "^2.0.0"
    debug "^4.1.1"
    inherits "^2.0.1"
    k-bucket "^5.0.0"
    k-rpc "^5.0.0"
    last-one-wins "^1.0.4"
    lru "^3.1.0"
    randombytes "^2.0.5"
    record-cache "^1.0.2"
    simple-sha1 "^3.0.0"

bittorrent-peerid@^1.0.2:
  version "1.3.2"
  resolved "https://registry.yarnpkg.com/bittorrent-peerid/-/bittorrent-peerid-1.3.2.tgz#aca9ff812ec099c882079bec60b5558a3adb56fa"
  integrity sha512-3xPhNfklf4xzxFVw9Y7W5dnGNhubVF0r8BK3imIsB6E3aDA4d6WhsceK1Yusos0TiiB9QZrdCsVXVqs26sFMxw==

bittorrent-tracker@^9.0.0:
  version "9.14.5"
  resolved "https://registry.yarnpkg.com/bittorrent-tracker/-/bittorrent-tracker-9.14.5.tgz#aa5573ba91c003581cb337c2889226137f65f32a"
  integrity sha512-Y1ng5r2qGCgDldjd9eYL8Mv1DjCo6eljqC+T6IMcwmYx0h20KNPKTxJkyNT5gaeJkAhM+p+jmhlV7/ty535Txg==
  dependencies:
    bencode "^2.0.0"
    bittorrent-peerid "^1.0.2"
    bn.js "^5.0.0"
    chrome-dgram "^3.0.2"
    compact2string "^1.2.0"
    debug "^4.0.1"
    ip "^1.0.1"
    lru "^3.0.0"
    minimist "^1.1.1"
    once "^1.3.0"
    random-iterate "^1.0.1"
    randombytes "^2.0.3"
    run-parallel "^1.1.2"
    run-series "^1.0.2"
    simple-get "^3.0.0"
    simple-peer "^9.0.0"
    simple-websocket "^8.0.0"
    string2compact "^1.1.1"
    unordered-array-remove "^1.0.2"
    ws "^7.0.0"
  optionalDependencies:
    bufferutil "^4.0.0"
    utf-8-validate "^5.0.1"

blob-to-buffer@^1.2.6:
  version "1.2.8"
  resolved "https://registry.yarnpkg.com/blob-to-buffer/-/blob-to-buffer-1.2.8.tgz#78eeeb332f1280ed0ca6fb2b60693a8c6d36903a"
  integrity sha512-re0AIxakF504MgeMtIyJkVcZ8T5aUxtp/QmTMlmjyb3P44E1BEv5x3LATBGApWAJATyXHtkXRD+gWTmeyYLiQA==

bn.js@^5.0.0:
  version "5.1.1"
  resolved "https://registry.yarnpkg.com/bn.js/-/bn.js-5.1.1.tgz#48efc4031a9c4041b9c99c6941d903463ab62eb5"
  integrity sha512-IUTD/REb78Z2eodka1QZyyEk66pciRcP6Sroka0aI3tG/iwIdYLrBD62RsubR7vqdt3WyX8p4jxeatzmRSphtA==

bncode@^0.2.3:
  version "0.2.3"
  resolved "https://registry.yarnpkg.com/bncode/-/bncode-0.2.3.tgz#37f851dc8e47188a83fbc0f6fa4775cacc9a3296"
  integrity sha1-N/hR3I5HGIqD+8D2+kd1ysyaMpY=

bncode@^0.5.3:
  version "0.5.3"
  resolved "https://registry.yarnpkg.com/bncode/-/bncode-0.5.3.tgz#e16661697452d436bf9886238cc791b08d66a61a"
  integrity sha1-4WZhaXRS1Da/mIYjjMeRsI1mpho=

buffer-alloc-unsafe@^1.1.0:
  version "1.1.0"
  resolved "https://registry.yarnpkg.com/buffer-alloc-unsafe/-/buffer-alloc-unsafe-1.1.0.tgz#bd7dc26ae2972d0eda253be061dba992349c19f0"
  integrity sha512-TEM2iMIEQdJ2yjPJoSIsldnleVaAk1oW3DBVUykyOLsEsFmEc9kn+SFFPz+gl54KQNxlDnAwCXosOS9Okx2xAg==

buffer-alloc@^1.1.0:
  version "1.2.0"
  resolved "https://registry.yarnpkg.com/buffer-alloc/-/buffer-alloc-1.2.0.tgz#890dd90d923a873e08e10e5fd51a57e5b7cce0ec"
  integrity sha512-CFsHQgjtW1UChdXgbyJGtnm+O/uLQeZdtbDo8mfUgYXCHSM1wgrVxXm6bSyrUuErEb+4sYVGCzASBRot7zyrow==
  dependencies:
    buffer-alloc-unsafe "^1.1.0"
    buffer-fill "^1.0.0"

buffer-fill@^1.0.0:
  version "1.0.0"
  resolved "https://registry.yarnpkg.com/buffer-fill/-/buffer-fill-1.0.0.tgz#f8f78b76789888ef39f205cd637f68e702122b2c"
  integrity sha1-+PeLdniYiO858gXNY39o5wISKyw=

buffer-from@^1.0.0, buffer-from@^1.1.1:
  version "1.1.1"
  resolved "https://registry.yarnpkg.com/buffer-from/-/buffer-from-1.1.1.tgz#32713bc028f75c02fdb710d7c7bcec1f2c6070ef"
  integrity sha512-MQcXEUbCKtEo7bhqEs6560Hyd4XaovZlO/k9V3hjVUF/zwW7KBVdSK4gIt/bzwS9MbR5qob+F5jusZsb0YQK2A==

bufferutil@^4.0.0:
  version "4.0.1"
  resolved "https://registry.yarnpkg.com/bufferutil/-/bufferutil-4.0.1.tgz#3a177e8e5819a1243fe16b63a199951a7ad8d4a7"
  integrity sha512-xowrxvpxojqkagPcWRQVXZl0YXhRhAtBEIq3VoER1NH5Mw1n1o0ojdspp+GS2J//2gCVyrzQDApQ4unGF+QOoA==
  dependencies:
    node-gyp-build "~3.7.0"

chrome-dgram@^3.0.2:
  version "3.0.4"
  resolved "https://registry.yarnpkg.com/chrome-dgram/-/chrome-dgram-3.0.4.tgz#aa785f23d1fc71c8619e8af166db7b9dc21a4f3e"
  integrity sha512-G8rOANSvSRC4hGny/K/ec1gXtNuZGzryFeoev49u0J4g/qws7H25vMKQlbD9izuedFVHwXFTdKQG62Tf/7Cmwg==
  dependencies:
    inherits "^2.0.1"
    run-series "^1.1.2"

chrome-dns@^1.0.0:
  version "1.0.1"
  resolved "https://registry.yarnpkg.com/chrome-dns/-/chrome-dns-1.0.1.tgz#6870af680a40d2c4b2efc2154a378793f5a4ce4b"
  integrity sha512-HqsYJgIc8ljJJOqOzLphjAs79EUuWSX3nzZi2LNkzlw3GIzAeZbaSektC8iT/tKvLqZq8yl1GJu5o6doA4TRbg==
  dependencies:
    chrome-net "^3.3.2"

chrome-net@^3.3.2:
  version "3.3.3"
  resolved "https://registry.yarnpkg.com/chrome-net/-/chrome-net-3.3.3.tgz#09b40337d97fa857ac44ee9a2d82a66e43863401"
  integrity sha512-11jL8+Ogna8M5TEdyalE8IG6cpaFEU3YcaxAj3YjZKjRM/PeT70pZbrUY+xoGwqiEJZwJE4Td2CvGxUvS9ytKQ==
  dependencies:
    inherits "^2.0.1"

compact2string@^1.2.0:
  version "1.4.1"
  resolved "https://registry.yarnpkg.com/compact2string/-/compact2string-1.4.1.tgz#8d34929055f8300a13cfc030ad1832e2e53c2e25"
  integrity sha512-3D+EY5nsRhqnOwDxveBv5T8wGo4DEvYxjDtPGmdOX+gfr5gE92c2RC0w2wa+xEefm07QuVqqcF3nZJUZ92l/og==
  dependencies:
    ipaddr.js ">= 0.1.5"

core-util-is@~1.0.0:
  version "1.0.2"
  resolved "https://registry.yarnpkg.com/core-util-is/-/core-util-is-1.0.2.tgz#b5fd54220aa2bc5ab57aab7140c940754503c1a7"
  integrity sha1-tf1UIgqivFq1eqtxQMlAdUUDwac=

cyclist@~0.1.0:
  version "0.1.1"
  resolved "https://registry.yarnpkg.com/cyclist/-/cyclist-0.1.1.tgz#1bcfa56b081448cdb5e12bfc1bfad34b47fba8f3"
  integrity sha1-G8+lawgUSM214Sv8G/rTS0f7qPM=

debug@^4.0.0, debug@^4.0.1, debug@^4.1.1:
  version "4.1.1"
  resolved "https://registry.yarnpkg.com/debug/-/debug-4.1.1.tgz#3b72260255109c6b589cee050f1d516139664791"
  integrity sha512-pYAIzeRo8J6KPEaJ0VWOh5Pzkbw/RetuzehGM7QRRX5he4fPHx2rdKMB256ehJCkX+XRQm16eZLqLNS8RSZXZw==
  dependencies:
    ms "^2.1.1"

decompress-response@^4.2.0:
  version "4.2.1"
  resolved "https://registry.yarnpkg.com/decompress-response/-/decompress-response-4.2.1.tgz#414023cc7a302da25ce2ec82d0d5238ccafd8986"
  integrity sha512-jOSne2qbyE+/r8G1VU+G/82LBs2Fs4LAsTiLSHOCOMZQl2OKZ6i8i4IyHemTe+/yIXOtTcRQMzPcgyhoFlqPkw==
  dependencies:
    mimic-response "^2.0.0"

fifo@^0.1.4:
  version "0.1.4"
  resolved "https://registry.yarnpkg.com/fifo/-/fifo-0.1.4.tgz#bf42d87c0ad07b00d0949d12388f6289606ece34"
  integrity sha1-v0LYfArQewDQlJ0SOI9iiWBuzjQ=

get-browser-rtc@^1.0.0:
  version "1.0.2"
  resolved "https://registry.yarnpkg.com/get-browser-rtc/-/get-browser-rtc-1.0.2.tgz#bbcd40c8451a7ed4ef5c373b8169a409dd1d11d9"
  integrity sha1-u81AyEUaftTvXDc7gWmkCd0dEdk=

get-stdin@^7.0.0:
  version "7.0.0"
  resolved "https://registry.yarnpkg.com/get-stdin/-/get-stdin-7.0.0.tgz#8d5de98f15171a125c5e516643c7a6d0ea8a96f6"
  integrity sha512-zRKcywvrXlXsA0v0i9Io4KDRaAw7+a1ZpjRwl9Wox8PFlVCCHra7E9c4kqXCoCM9nR5tBkaTTZRBoCm60bFqTQ==

hat@^0.0.3:
  version "0.0.3"
  resolved "https://registry.yarnpkg.com/hat/-/hat-0.0.3.tgz#bb014a9e64b3788aed8005917413d4ff3d502d8a"
  integrity sha1-uwFKnmSzeIrtgAWRdBPU/z1QLYo=

inherits@^2.0.1, inherits@^2.0.3, inherits@~2.0.1:
  version "2.0.4"
  resolved "https://registry.yarnpkg.com/inherits/-/inherits-2.0.4.tgz#0fa2c64f932917c3433a0ded55363aae37416b7c"
  integrity sha512-k/vGaX4/Yla3WzyMCvTQOXYeIHvqOKtnqBduzTHpzpQZzAskKMhZ2K+EnBiSM9zGSoIFeMpXKxa4dYeZIQqewQ==

ip@^1.0.1:
  version "1.1.5"
  resolved "https://registry.yarnpkg.com/ip/-/ip-1.1.5.tgz#bdded70114290828c0a039e72ef25f5aaec4354a"
  integrity sha1-vd7XARQpCCjAoDnnLvJfWq7ENUo=

"ipaddr.js@>= 0.1.5", ipaddr.js@^1.0.1:
  version "1.9.1"
  resolved "https://registry.yarnpkg.com/ipaddr.js/-/ipaddr.js-1.9.1.tgz#bff38543eeb8984825079ff3a2a8e6cbd46781b3"
  integrity sha512-0KI/607xoxSToH7GjN1FfSbLoU0+btTicjsQSWQlh/hZykN8KpmMf7uYwPW3R+akZ6R/w18ZlXSHBYXiYUPO3g==

isarray@0.0.1:
  version "0.0.1"
  resolved "https://registry.yarnpkg.com/isarray/-/isarray-0.0.1.tgz#8a18acfca9a8f4177e09abfc6038939b05d1eedf"
  integrity sha1-ihis/Kmo9Bd+Cav8YDiTmwXR7t8=

k-bucket@^5.0.0:
  version "5.0.0"
  resolved "https://registry.yarnpkg.com/k-bucket/-/k-bucket-5.0.0.tgz#ef7a401fcd4c37cd31dceaa6ae4440ca91055e01"
  integrity sha512-r/q+wV/Kde62/tk+rqyttEJn6h0jR7x+incdMVSYTqK73zVxVrzJa70kJL49cIKen8XjIgUZKSvk8ktnrQbK4w==
  dependencies:
    randombytes "^2.0.3"

k-rpc-socket@^1.7.2:
  version "1.11.1"
  resolved "https://registry.yarnpkg.com/k-rpc-socket/-/k-rpc-socket-1.11.1.tgz#f14b4b240a716c6cad7b6434b21716dbd7c7b0e8"
  integrity sha512-8xtA8oqbZ6v1Niryp2/g4GxW16EQh5MvrUylQoOG+zcrDff5CKttON2XUXvMwlIHq4/2zfPVFiinAccJ+WhxoA==
  dependencies:
    bencode "^2.0.0"
    chrome-dgram "^3.0.2"
    chrome-dns "^1.0.0"
    chrome-net "^3.3.2"

k-rpc@^5.0.0:
  version "5.1.0"
  resolved "https://registry.yarnpkg.com/k-rpc/-/k-rpc-5.1.0.tgz#af2052de2e84994d55da3032175da5dad8640174"
  integrity sha512-FGc+n70Hcjoa/X2JTwP+jMIOpBz+pkRffHnSl9yrYiwUxg3FIgD50+u1ePfJUOnRCnx6pbjmVk5aAeB1wIijuQ==
  dependencies:
    k-bucket "^5.0.0"
    k-rpc-socket "^1.7.2"
    randombytes "^2.0.5"

last-one-wins@^1.0.4:
  version "1.0.4"
  resolved "https://registry.yarnpkg.com/last-one-wins/-/last-one-wins-1.0.4.tgz#c1bfd0cbcb46790ec9156b8d1aee8fcb86cda22a"
  integrity sha1-wb/Qy8tGeQ7JFWuNGu6Py4bNoio=

lru@^3.0.0, lru@^3.1.0:
  version "3.1.0"
  resolved "https://registry.yarnpkg.com/lru/-/lru-3.1.0.tgz#ea7fb8546d83733396a13091d76cfeb4c06837d5"
  integrity sha1-6n+4VG2DczOWoTCR12z+tMBoN9U=
  dependencies:
    inherits "^2.0.1"

magnet-uri@^5.1.3:
  version "5.2.4"
  resolved "https://registry.yarnpkg.com/magnet-uri/-/magnet-uri-5.2.4.tgz#7afe5b736af04445aff744c93a890a3710077688"
  integrity sha512-VYaJMxhr8B9BrCiNINUsuhaEe40YnG+AQBwcqUKO66lSVaI9I3A1iH/6EmEwRI8OYUg5Gt+4lLE7achg676lrg==
  dependencies:
    thirty-two "^1.0.1"
    uniq "^1.0.1"

mimic-response@^2.0.0:
  version "2.1.0"
  resolved "https://registry.yarnpkg.com/mimic-response/-/mimic-response-2.1.0.tgz#d13763d35f613d09ec37ebb30bac0469c0ee8f43"
  integrity sha512-wXqjST+SLt7R009ySCglWBCFpjUygmCIfD790/kVbiGmUgfYGuB14PiTd5DwVxSV4NcYHjzMkoj5LjQZwTQLEA==

minimist@^1.1.1:
  version "1.2.5"
  resolved "https://registry.yarnpkg.com/minimist/-/minimist-1.2.5.tgz#67d66014b66a6a8aaa0c083c5fd58df4e4e97602"
  integrity sha512-FM9nNUYrRBAELZQT3xeZQ7fmMOBg6nWNmJKTcgsJeaLstP/UODVpGsr5OhXhhXg6f+qtJ8uiZ+PUxkDWcgIXLw==

ms@^2.1.1:
  version "2.1.2"
  resolved "https://registry.yarnpkg.com/ms/-/ms-2.1.2.tgz#d09d1f357b443f493382a8eb3ccd183872ae6009"
  integrity sha512-sGkPx+VjMtmA6MX27oA4FBFELFCZZ4S4XqeGOXCv68tT+jb3vk/RyaKWP0PTKyWtmLSM0b+adUTEvbs1PEaH2w==

node-gyp-build@~3.7.0:
  version "3.7.0"
  resolved "https://registry.yarnpkg.com/node-gyp-build/-/node-gyp-build-3.7.0.tgz#daa77a4f547b9aed3e2aac779eaf151afd60ec8d"
  integrity sha512-L/Eg02Epx6Si2NXmedx+Okg+4UHqmaf3TNcxd50SF9NQGcJaON3AtU++kax69XV7YWz4tUspqZSAsVofhFKG2w==

once@^1.1.1, once@^1.3.0, once@^1.3.1:
  version "1.4.0"
  resolved "https://registry.yarnpkg.com/once/-/once-1.4.0.tgz#583b1aa775961d4b113ac17d9c50baef9dd76bd1"
  integrity sha1-WDsap3WWHUsROsF9nFC6753Xa9E=
  dependencies:
    wrappy "1"

parse-torrent@^7.1.2:
  version "7.1.2"
  resolved "https://registry.yarnpkg.com/parse-torrent/-/parse-torrent-7.1.2.tgz#4ecde4b3be2729ba2b6f336040910d6fe4649d19"
  integrity sha512-1boHRA+aV7aeZBIg0rMBYhtfizAd/BXCXOCh/klYrgVnSpUAuJUIzQrIGkCsb93U1KOVN6C3NZOgpNy8htmqgw==
  dependencies:
    bencode "^2.0.0"
    blob-to-buffer "^1.2.6"
    get-stdin "^7.0.0"
    magnet-uri "^5.1.3"
    simple-get "^3.0.1"
    simple-sha1 "^3.0.0"

peer-wire-protocol@^0.7.0:
  version "0.7.1"
  resolved "https://registry.yarnpkg.com/peer-wire-protocol/-/peer-wire-protocol-0.7.1.tgz#fdb4a75bfe6b3b84710eb5220ef0ebeed3b63396"
  integrity sha512-V9oTa/ZcfNNz9fAST28Gg0fXbPeFPk3SBImsYO8GDDG5D0E195vxXmjZ+SPrzr4BJyMQmdDmwUfTf9MZ62z4mw==
  dependencies:
    bitfield "^0.1.0"
    bncode "^0.2.3"
    buffer-alloc "^1.1.0"
    buffer-from "^1.0.0"
    readable-stream "^1.0.2"
    speedometer "^0.1.2"

peer-wire-swarm@^0.12.2:
  version "0.12.2"
  resolved "https://registry.yarnpkg.com/peer-wire-swarm/-/peer-wire-swarm-0.12.2.tgz#d7120e083cbd42b1c41c961865e938e747428950"
  integrity sha512-sIWZ1nTL9l6mI9J18kW1AeByBwagvNzGJlMmQA9pM+otKQtTIwnigK8SR0nEFrNZYqZelI6RQ6g4udvtQ2TI1g==
  dependencies:
    buffer-from "^1.0.0"
    fifo "^0.1.4"
    once "^1.1.1"
    peer-wire-protocol "^0.7.0"
    speedometer "^0.1.2"
    utp "0.0.7"

queue-microtask@^1.1.0, queue-microtask@^1.1.2:
  version "1.1.2"
  resolved "https://registry.yarnpkg.com/queue-microtask/-/queue-microtask-1.1.2.tgz#139bf8186db0c545017ec66c2664ac646d5c571e"
  integrity sha512-F9wwNePtXrzZenAB3ax0Y8TSKGvuB7Qw16J30hspEUTbfUM+H827XyN3rlpwhVmtm5wuZtbKIHjOnwDn7MUxWQ==

random-iterate@^1.0.1:
  version "1.0.1"
  resolved "https://registry.yarnpkg.com/random-iterate/-/random-iterate-1.0.1.tgz#f7d97d92dee6665ec5f6da08c7f963cad4b2ac99"
  integrity sha1-99l9kt7mZl7F9toIx/ljytSyrJk=

randombytes@^2.0.3, randombytes@^2.0.5:
  version "2.1.0"
  resolved "https://registry.yarnpkg.com/randombytes/-/randombytes-2.1.0.tgz#df6f84372f0270dc65cdf6291349ab7a473d4f2a"
  integrity sha512-vYl3iOX+4CKUWuxGi9Ukhie6fsqXqS9FE2Zaic4tNFD2N2QQaXOMFbuKK4QmDHC0JO6B1Zp41J0LpT0oR68amQ==
  dependencies:
    safe-buffer "^5.1.0"

readable-stream@^1.0.2:
  version "1.1.14"
  resolved "https://registry.yarnpkg.com/readable-stream/-/readable-stream-1.1.14.tgz#7cf4c54ef648e3813084c636dd2079e166c081d9"
  integrity sha1-fPTFTvZI44EwhMY23SB54WbAgdk=
  dependencies:
    core-util-is "~1.0.0"
    inherits "~2.0.1"
    isarray "0.0.1"
    string_decoder "~0.10.x"

readable-stream@^3.1.1, readable-stream@^3.4.0:
  version "3.6.0"
  resolved "https://registry.yarnpkg.com/readable-stream/-/readable-stream-3.6.0.tgz#337bbda3adc0706bd3e024426a286d4b4b2c9198"
  integrity sha512-BViHy7LKeTz4oNnkcLJ+lVSL6vpiFeX6/d3oSH8zCW7UxP2onchk+vTGB143xuFjHS3deTgkKoXXymXqymiIdA==
  dependencies:
    inherits "^2.0.3"
    string_decoder "^1.1.1"
    util-deprecate "^1.0.1"

record-cache@^1.0.2:
  version "1.1.0"
  resolved "https://registry.yarnpkg.com/record-cache/-/record-cache-1.1.0.tgz#f8a467a691a469584b26e88d36b18afdb3932037"
  integrity sha512-u8rbtLEJV7HRacl/ZYwSBFD8NFyB3PfTTfGLP37IW3hftQCwu6z4Q2RLyxo1YJUNRTEzJfpLpGwVuEYdaIkG9Q==

run-parallel@^1.1.2:
  version "1.1.9"
  resolved "https://registry.yarnpkg.com/run-parallel/-/run-parallel-1.1.9.tgz#c9dd3a7cf9f4b2c4b6244e173a6ed866e61dd679"
  integrity sha512-DEqnSRTDw/Tc3FXf49zedI638Z9onwUotBMiUFKmrO2sdFKIbXamXGQ3Axd4qgphxKB4kw/qP1w5kTxnfU1B9Q==

run-series@^1.0.2, run-series@^1.1.2:
  version "1.1.8"
  resolved "https://registry.yarnpkg.com/run-series/-/run-series-1.1.8.tgz#2c4558f49221e01cd6371ff4e0a1e203e460fc36"
  integrity sha512-+GztYEPRpIsQoCSraWHDBs9WVy4eVME16zhOtDB4H9J4xN0XRhknnmLOl+4gRgZtu8dpp9N/utSPjKH/xmDzXg==

rusha@^0.8.1:
  version "0.8.13"
  resolved "https://registry.yarnpkg.com/rusha/-/rusha-0.8.13.tgz#9a084e7b860b17bff3015b92c67a6a336191513a"
  integrity sha1-mghOe4YLF7/zAVuSxnpqM2GRUTo=

safe-buffer@^5.1.0, safe-buffer@^5.1.1, safe-buffer@~5.2.0:
  version "5.2.0"
  resolved "https://registry.yarnpkg.com/safe-buffer/-/safe-buffer-5.2.0.tgz#b74daec49b1148f88c64b68d49b1e815c1f2f519"
  integrity sha512-fZEwUGbVl7kouZs1jCdMLdt95hdIv0ZeHg6L7qPeciMZhZ+/gdesW4wgTARkrFWEpspjEATAzUGPG8N2jJiwbg==

simple-concat@^1.0.0:
  version "1.0.0"
  resolved "https://registry.yarnpkg.com/simple-concat/-/simple-concat-1.0.0.tgz#7344cbb8b6e26fb27d66b2fc86f9f6d5997521c6"
  integrity sha1-c0TLuLbib7J9ZrL8hvn21Zl1IcY=

simple-get@^3.0.0, simple-get@^3.0.1:
  version "3.1.0"
  resolved "https://registry.yarnpkg.com/simple-get/-/simple-get-3.1.0.tgz#b45be062435e50d159540b576202ceec40b9c6b3"
  integrity sha512-bCR6cP+aTdScaQCnQKbPKtJOKDp/hj9EDLJo3Nw4y1QksqaovlW/bnptB6/c1e+qmNIDHRK+oXFDdEqBT8WzUA==
  dependencies:
    decompress-response "^4.2.0"
    once "^1.3.1"
    simple-concat "^1.0.0"

simple-peer@^9.0.0:
  version "9.6.2"
  resolved "https://registry.yarnpkg.com/simple-peer/-/simple-peer-9.6.2.tgz#42418e77cf8f9184e4fa22ef1017b195c2bf84d7"
  integrity sha512-EOKoImCaqtNvXIntxT1CBBK/3pVi7tMAoJ3shdyd9qk3zLm3QPiRLb/sPC1G2xvKJkJc5fkQjCXqRZ0AknwTig==
  dependencies:
    debug "^4.0.1"
    get-browser-rtc "^1.0.0"
    queue-microtask "^1.1.0"
    randombytes "^2.0.3"
    readable-stream "^3.4.0"

simple-sha1@^3.0.0:
  version "3.0.1"
  resolved "https://registry.yarnpkg.com/simple-sha1/-/simple-sha1-3.0.1.tgz#b34c3c978d74ac4baf99b6555c1e6736e0d6e700"
  integrity sha512-q7ehqWfHc1VhOm7sW099YDZ4I0yYX7rqyhqqhHV1IYeUTjPOhHyD3mXvv8k2P+rO7+7c8R4/D+8ffzC9BE7Cqg==
  dependencies:
    queue-microtask "^1.1.2"
    rusha "^0.8.1"

simple-websocket@^8.0.0:
  version "8.1.1"
  resolved "https://registry.yarnpkg.com/simple-websocket/-/simple-websocket-8.1.1.tgz#4fd68cb1301c1253b2607cfe0950a8be37e6116a"
  integrity sha512-06I3cwOD5Q3LdVd6qfyDGp1U9eau9x9qniSL3b/aDgM5bsJX4nZfCuii2UCFcTfrDq0jCXF4NQ/38qeC8CJZTg==
  dependencies:
    debug "^4.1.1"
    queue-microtask "^1.1.0"
    randombytes "^2.0.3"
    readable-stream "^3.1.1"
    ws "^7.0.0"

speedometer@^0.1.2:
  version "0.1.4"
  resolved "https://registry.yarnpkg.com/speedometer/-/speedometer-0.1.4.tgz#9876dbd2a169d3115402d48e6ea6329c8816a50d"
  integrity sha1-mHbb0qFp0xFUAtSObqYynIgWpQ0=

string2compact@^1.1.1:
  version "1.3.0"
  resolved "https://registry.yarnpkg.com/string2compact/-/string2compact-1.3.0.tgz#22d946127b082d1203c51316af60117a337423c3"
  integrity sha512-004ulKKANDuQilQsNxy2lisrpMG0qUJxBU+2YCEF7KziRyNR0Nredm2qk0f1V82nva59H3y9GWeHXE63HzGRFw==
  dependencies:
    addr-to-ip-port "^1.0.1"
    ipaddr.js "^1.0.1"

string_decoder@^1.1.1:
  version "1.3.0"
  resolved "https://registry.yarnpkg.com/string_decoder/-/string_decoder-1.3.0.tgz#42f114594a46cf1a8e30b0a84f56c78c3edac21e"
  integrity sha512-hkRX8U1WjJFd8LsDJ2yQ/wWWxaopEsABU1XfkM8A+j0+85JAGppt16cr1Whg6KIbb4okU6Mql6BOj+uup/wKeA==
  dependencies:
    safe-buffer "~5.2.0"

string_decoder@~0.10.x:
  version "0.10.31"
  resolved "https://registry.yarnpkg.com/string_decoder/-/string_decoder-0.10.31.tgz#62e203bc41766c6c28c9fc84301dab1c5310fa94"
  integrity sha1-YuIDvEF2bGwoyfyEMB2rHFMQ+pQ=

thirty-two@^1.0.1:
  version "1.0.2"
  resolved "https://registry.yarnpkg.com/thirty-two/-/thirty-two-1.0.2.tgz#4ca2fffc02a51290d2744b9e3f557693ca6b627a"
  integrity sha1-TKL//AKlEpDSdEueP1V2k8prYno=

torrent-discovery@^9.2.1:
  version "9.2.1"
  resolved "https://registry.yarnpkg.com/torrent-discovery/-/torrent-discovery-9.2.1.tgz#afeac808487f5180be98ce2f3e4b0abc93c7b6b7"
  integrity sha512-bjKkbTEkcoZTXF8nhcRu6UWqbkpUsehd/6umoZqjgj/dM8nD3O7wNkPZrmls+vVf+2LT9ejZMlNUvZCqSe8cqg==
  dependencies:
    bittorrent-dht "^9.0.0"
    bittorrent-tracker "^9.0.0"
    debug "^4.0.0"
    run-parallel "^1.1.2"

uniq@^1.0.1:
  version "1.0.1"
  resolved "https://registry.yarnpkg.com/uniq/-/uniq-1.0.1.tgz#b31c5ae8254844a3a8281541ce2b04b865a734ff"
  integrity sha1-sxxa6CVIRKOoKBVBzisEuGWnNP8=

unordered-array-remove@^1.0.2:
  version "1.0.2"
  resolved "https://registry.yarnpkg.com/unordered-array-remove/-/unordered-array-remove-1.0.2.tgz#c546e8f88e317a0cf2644c97ecb57dba66d250ef"
  integrity sha1-xUbo+I4xegzyZEyX7LV9umbSUO8=

utf-8-validate@^5.0.1:
  version "5.0.2"
  resolved "https://registry.yarnpkg.com/utf-8-validate/-/utf-8-validate-5.0.2.tgz#63cfbccd85dc1f2b66cf7a1d0eebc08ed056bfb3"
  integrity sha512-SwV++i2gTD5qh2XqaPzBnNX88N6HdyhQrNNRykvcS0QKvItV9u3vPEJr+X5Hhfb1JC0r0e1alL0iB09rY8+nmw==
  dependencies:
    node-gyp-build "~3.7.0"

util-deprecate@^1.0.1:
  version "1.0.2"
  resolved "https://registry.yarnpkg.com/util-deprecate/-/util-deprecate-1.0.2.tgz#450d4dc9fa70de732762fbd2d4a28981419a0ccf"
  integrity sha1-RQ1Nyfpw3nMnYvvS1KKJgUGaDM8=

utp@0.0.7:
  version "0.0.7"
  resolved "https://registry.yarnpkg.com/utp/-/utp-0.0.7.tgz#ae43eb7745f5fe63dcc2f277cb4164ad27087f30"
  integrity sha1-rkPrd0X1/mPcwvJ3y0FkrScIfzA=
  dependencies:
    cyclist "~0.1.0"

wrappy@1:
  version "1.0.2"
  resolved "https://registry.yarnpkg.com/wrappy/-/wrappy-1.0.2.tgz#b5243d8f3ec1aa35f1364605bc0d1036e30ab69f"
  integrity sha1-tSQ9jz7BqjXxNkYFvA0QNuMKtp8=

ws@^7.0.0:
  version "7.2.3"
  resolved "https://registry.yarnpkg.com/ws/-/ws-7.2.3.tgz#a5411e1fb04d5ed0efee76d26d5c46d830c39b46"
  integrity sha512-HTDl9G9hbkNDk98naoR/cHDws7+EyYMOdL1BmjsZXRUjf7d+MficC4B7HLUPlSiho0vg+CWKrGIt/VJBd1xunQ==
